// !$*UTF8*$!
{
	archiveVersion = 1;
	classes = {
	};
	objectVersion = 46;
	objects = {

/* Begin PBXBuildFile section */
		B24DBA231F9FE1B30020EB51 /* AppDelegate.swift in Sources */ = {isa = PBXBuildFile; fileRef = B24DBA221F9FE1B30020EB51 /* AppDelegate.swift */; };
		B24DBA251F9FE1B30020EB51 /* ViewController.swift in Sources */ = {isa = PBXBuildFile; fileRef = B24DBA241F9FE1B30020EB51 /* ViewController.swift */; };
		B24DBA281F9FE1B40020EB51 /* Main.storyboard in Resources */ = {isa = PBXBuildFile; fileRef = B24DBA261F9FE1B40020EB51 /* Main.storyboard */; };
		B24DBA2A1F9FE1B40020EB51 /* Assets.xcassets in Resources */ = {isa = PBXBuildFile; fileRef = B24DBA291F9FE1B40020EB51 /* Assets.xcassets */; };
		B24DBA2D1F9FE1B40020EB51 /* LaunchScreen.storyboard in Resources */ = {isa = PBXBuildFile; fileRef = B24DBA2B1F9FE1B40020EB51 /* LaunchScreen.storyboard */; };
/* End PBXBuildFile section */

/* Begin PBXFileReference section */
		B24DBA1F1F9FE1B30020EB51 /* S4MAssignment1.app */ = {isa = PBXFileReference; explicitFileType = wrapper.application; includeInIndex = 0; path = S4MAssignment1.app; sourceTree = BUILT_PRODUCTS_DIR; };
		B24DBA221F9FE1B30020EB51 /* AppDelegate.swift */ = {isa = PBXFileReference; lastKnownFileType = sourcecode.swift; path = AppDelegate.swift; sourceTree = "<group>"; };
		B24DBA241F9FE1B30020EB51 /* ViewController.swift */ = {isa = PBXFileReference; lastKnownFileType = sourcecode.swift; path = ViewController.swift; sourceTree = "<group>"; };
		B24DBA271F9FE1B40020EB51 /* Base */ = {isa = PBXFileReference; lastKnownFileType = file.storyboard; name = Base; path = Base.lproj/Main.storyboard; sourceTree = "<group>"; };
		B24DBA291F9FE1B40020EB51 /* Assets.xcassets */ = {isa = PBXFileReference; lastKnownFileType = folder.assetcatalog; path = Assets.xcassets; sourceTree = "<group>"; };
		B24DBA2C1F9FE1B40020EB51 /* Base */ = {isa = PBXFileReference; lastKnownFileType = file.storyboard; name = Base; path = Base.lproj/LaunchScreen.storyboard; sourceTree = "<group>"; };
		B24DBA2E1F9FE1B40020EB51 /* Info.plist */ = {isa = PBXFileReference; lastKnownFileType = text.plist.xml; path = Info.plist; sourceTree = "<group>"; };
/* End PBXFileReference section */

/* Begin PBXFrameworksBuildPhase section */
		B24DBA1C1F9FE1B30020EB51 /* Frameworks */ = {
			isa = PBXFrameworksBuildPhase;
			buildActionMask = 2147483647;
			files = (
			);
			runOnlyForDeploymentPostprocessing = 0;
		};
/* End PBXFrameworksBuildPhase section */

/* Begin PBXGroup section */
		B24DBA161F9FE1B30020EB51 = {
			isa = PBXGroup;
			children = (
				B24DBA211F9FE1B30020EB51 /* S4MAssignment1 */,
				B24DBA201F9FE1B30020EB51 /* Products */,
			);
			sourceTree = "<group>";
		};
		B24DBA201F9FE1B30020EB51 /* Products */ = {
			isa = PBXGroup;
			children = (
				B24DBA1F1F9FE1B30020EB51 /* S4MAssignment1.app */,
			);
			name = Products;
			sourceTree = "<group>";
		};
		B24DBA211F9FE1B30020EB51 /* S4MAssignment1 */ = {
			isa = PBXGroup;
			children = (
				B24DBA221F9FE1B30020EB51 /* AppDelegate.swift */,
				B24DBA241F9FE1B30020EB51 /* ViewController.swift */,
				B24DBA261F9FE1B40020EB51 /* Main.storyboard */,
				B24DBA291F9FE1B40020EB51 /* Assets.xcassets */,
				B24DBA2B1F9FE1B40020EB51 /* LaunchScreen.storyboard */,
				B24DBA2E1F9FE1B40020EB51 /* Info.plist */,
			);
			path = S4MAssignment1;
			sourceTree = "<group>";
		};
/* End PBXGroup section */

/* Begin PBXNativeTarget section */
		B24DBA1E1F9FE1B30020EB51 /* S4MAssignment1 */ = {
			isa = PBXNativeTarget;
			buildConfigurationList = B24DBA311F9FE1B40020EB51 /* Build configuration list for PBXNativeTarget "S4MAssignment1" */;
			buildPhases = (
				B24DBA1B1F9FE1B30020EB51 /* Sources */,
				B24DBA1C1F9FE1B30020EB51 /* Frameworks */,
				B24DBA1D1F9FE1B30020EB51 /* Resources */,
			);
			buildRules = (
			);
			dependencies = (
			);
			name = S4MAssignment1;
			productName = S4MAssignment1;
			productReference = B24DBA1F1F9FE1B30020EB51 /* S4MAssignment1.app */;
			productType = "com.apple.product-type.application";
		};
/* End PBXNativeTarget section */

/* Begin PBXProject section */
		B24DBA171F9FE1B30020EB51 /* Project object */ = {
			isa = PBXProject;
			attributes = {
				LastSwiftUpdateCheck = 0810;
				LastUpgradeCheck = 0810;
				ORGANIZATIONNAME = "mohammed shafiullah";
				TargetAttributes = {
					B24DBA1E1F9FE1B30020EB51 = {
						CreatedOnToolsVersion = 8.1;
						ProvisioningStyle = Automatic;
					};
				};
			};
			buildConfigurationList = B24DBA1A1F9FE1B30020EB51 /* Build configuration list for PBXProject "S4MAssignment1" */;
			compatibilityVersion = "Xcode 3.2";
			developmentRegion = English;
			hasScannedForEncodings = 0;
			knownRegions = (
				en,
				Base,
			);
			mainGroup = B24DBA161F9FE1B30020EB51;
			productRefGroup = B24DBA201F9FE1B30020EB51 /* Products */;
			projectDirPath = "";
			projectRoot = "";
			targets = (
				B24DBA1E1F9FE1B30020EB51 /* S4MAssignment1 */,
			);
		};
/* End PBXProject section */

/* Begin PBXResourcesBuildPhase section */
		B24DBA1D1F9FE1B30020EB51 /* Resources */ = {
			isa = PBXResourcesBuildPhase;
			buildActionMask = 2147483647;
			files = (
				B24DBA2D1F9FE1B40020EB51 /* LaunchScreen.storyboard in Resources */,
				B24DBA2A1F9FE1B40020EB51 /* Assets.xcassets in Resources */,
				B24DBA281F9FE1B40020EB51 /* Main.storyboard in Resources */,
			);
			runOnlyForDeploymentPostprocessing = 0;
		};
/* End PBXResourcesBuildPhase section */

/* Begin PBXSourcesBuildPhase section */
		B24DBA1B1F9FE1B30020EB51 /* Sources */ = {
			isa = PBXSourcesBuildPhase;
			buildActionMask = 2147483647;
			files = (
				B24DBA251F9FE1B30020EB51 /* ViewController.swift in Sources */,
				B24DBA231F9FE1B30020EB51 /* AppDelegate.swift in Sources */,
			);
			runOnlyForDeploymentPostprocessing = 0;
		};
/* End PBXSourcesBuildPhase section */

/* Begin PBXVariantGroup section */
		B24DBA261F9FE1B40020EB51 /* Main.storyboard */ = {
			isa = PBXVariantGroup;
			children = (
				B24DBA271F9FE1B40020EB51 /* Base */,
			);
			name = Main.storyboard;
			sourceTree = "<group>";
		};
		B24DBA2B1F9FE1B40020EB51 /* LaunchScreen.storyboard */ = {
			isa = PBXVariantGroup;
			children = (
				B24DBA2C1F9FE1B40020EB51 /* Base */,
			);
			name = LaunchScreen.storyboard;
			sourceTree = "<group>";
		};
/* End PBXVariantGroup section */

/* Begin XCBuildConfiguration section */
		B24DBA2F1F9FE1B40020EB51 /* Debug */ = {
			isa = XCBuildConfiguration;
			buildSettings = {
				ALWAYS_SEARCH_USER_PATHS = NO;
				CLANG_ANALYZER_NONNULL = YES;
				CLANG_CXX_LANGUAGE_STANDARD = "gnu++0x";
				CLANG_CXX_LIBRARY = "libc++";
				CLANG_ENABLE_MODULES = YES;
				CLANG_ENABLE_OBJC_ARC = YES;
				CLANG_WARN_BOOL_CONVERSION = YES;
				CLANG_WARN_CONSTANT_CONVERSION = YES;
				CLANG_WARN_DIRECT_OBJC_ISA_USAGE = YES_ERROR;
				CLANG_WARN_DOCUMENTATION_COMMENTS = YES;
				CLANG_WARN_EMPTY_BODY = YES;
				CLANG_WARN_ENUM_CONVERSION = YES;
				CLANG_WARN_INFINITE_RECURSION = YES;
				CLANG_WARN_INT_CONVERSION = YES;
				CLANG_WARN_OBJC_ROOT_CLASS = YES_ERROR;
				CLANG_WARN_SUSPICIOUS_MOVES = YES;
				CLANG_WARN_UNREACHABLE_CODE = YES;
				CLANG_WARN__DUPLICATE_METHOD_MATCH = YES;
				"CODE_SIGN_IDENTITY[sdk=iphoneos*]" = "iPhone Developer";
				COPY_PHASE_STRIP = NO;
				DEBUG_INFORMATION_FORMAT = dwarf;
				ENABLE_STRICT_OBJC_MSGSEND = YES;
				ENABLE_TESTABILITY = YES;
				GCC_C_LANGUAGE_STANDARD = gnu99;
				GCC_DYNAMIC_NO_PIC = NO;
				GCC_NO_COMMON_BLOCKS = YES;
				GCC_OPTIMIZATION_LEVEL = 0;
				GCC_PREPROCESSOR_DEFINITIONS = (
					"DEBUG=1",
					"$(inherited)",
				);
				GCC_WARN_64_TO_32_BIT_CONVERSION = YES;
				GCC_WARN_ABOUT_RETURN_TYPE = YES_ERROR;
				GCC_WARN_UNDECLARED_SELECTOR = YES;
				GCC_WARN_UNINITIALIZED_AUTOS = YES_AGGRESSIVE;
				GCC_WARN_UNUSED_FUNCTION = YES;
				GCC_WARN_UNUSED_VARIABLE = YES;
				IPHONEOS_DEPLOYMENT_TARGET = 10.1;
				MTL_ENABLE_DEBUG_INFO = YES;
				ONLY_ACTIVE_ARCH = YES;
				SDKROOT = iphoneos;
				SWIFT_ACTIVE_COMPILATION_CONDITIONS = DEBUG;
				SWIFT_OPTIMIZATION_LEVEL = "-Onone";
				TARGETED_DEVICE_FAMILY = "1,2";
			};
			name = Debug;
		};
		B24DBA301F9FE1B40020EB51 /* Release */ = {
			isa = XCBuildConfiguration;
			buildSettings = {
				ALWAYS_SEARCH_USER_PATHS = NO;
				CLANG_ANALYZER_NONNULL = YES;
				CLANG_CXX_LANGUAGE_STANDARD = "gnu++0x";
				CLANG_CXX_LIBRARY = "libc++";
				CLANG_ENABLE_MODULES = YES;
				CLANG_ENABLE_OBJC_ARC = YES;
				CLANG_WARN_BOOL_CONVERSION = YES;
				CLANG_WARN_CONSTANT_CONVERSION = YES;
				CLANG_WARN_DIRECT_OBJC_ISA_USAGE = YES_ERROR;
				CLANG_WARN_DOCUMENTATION_COMMENTS = YES;
				CLANG_WARN_EMPTY_BODY = YES;
				CLANG_WARN_ENUM_CONVERSION = YES;
				CLANG_WARN_INFINITE_RECURSION = YES;
				CLANG_WARN_INT_CONVERSION = YES;
				CLANG_WARN_OBJC_ROOT_CLASS = YES_ERROR;
				CLANG_WARN_SUSPICIOUS_MOVES = YES;
				CLANG_WARN_UNREACHABLE_CODE = YES;
				CLANG_WARN__DUPLICATE_METHOD_MATCH = YES;
				"CODE_SIGN_IDENTITY[sdk=iphoneos*]" = "iPhone Developer";
				COPY_PHASE_STRIP = NO;
				DEBUG_INFORMATION_FORMAT = "dwarf-with-dsym";
				ENABLE_NS_ASSERTIONS = NO;
				ENABLE_STRICT_OBJC_MSGSEND = YES;
				GCC_C_LANGUAGE_STANDARD = gnu99;
				GCC_NO_COMMON_BLOCKS = YES;
				GCC_WARN_64_TO_32_BIT_CONVERSION = YES;
				GCC_WARN_ABOUT_RETURN_TYPE = YES_ERROR;
				GCC_WARN_UNDECLARED_SELECTOR = YES;
				GCC_WARN_UNINITIALIZED_AUTOS = YES_AGGRESSIVE;
				GCC_WARN_UNUSED_FUNCTION = YES;
				GCC_WARN_UNUSED_VARIABLE = YES;
				IPHONEOS_DEPLOYMENT_TARGET = 10.1;
				MTL_ENABLE_DEBUG_INFO = NO;
				SDKROOT = iphoneos;
				SWIFT_OPTIMIZATION_LEVEL = "-Owholemodule";
				TARGETED_DEVICE_FAMILY = "1,2";
				VALIDATE_PRODUCT = YES;
			};
			name = Release;
		};
		B24DBA321F9FE1B40020EB51 /* Debug */ = {
			isa = XCBuildConfiguration;
			buildSettings = {
				ASSETCATALOG_COMPILER_APPICON_NAME = AppIcon;
				INFOPLIST_FILE = S4MAssignment1/Info.plist;
				LD_RUNPATH_SEARCH_PATHS = "$(inherited) @executable_path/Frameworks";
				PRODUCT_BUNDLE_IDENTIFIER = com.shafi.S4MAssignment2.S4MAssignment1;
				PRODUCT_NAME = "$(TARGET_NAME)";
				SWIFT_VERSION = 3.0;
			};
			name = Debug;
		};
		B24DBA331F9FE1B40020EB51 /* Release */ = {
			isa = XCBuildConfiguration;
			buildSettings = {
				ASSETCATALOG_COMPILER_APPICON_NAME = AppIcon;
				INFOPLIST_FILE = S4MAssignment1/Info.plist;
				LD_RUNPATH_SEARCH_PATHS = "$(inherited) @executable_path/Frameworks";
				PRODUCT_BUNDLE_IDENTIFIER = com.shafi.S4MAssignment2.S4MAssignment1;
				PRODUCT_NAME = "$(TARGET_NAME)";
				SWIFT_VERSION = 3.0;
			};
			name = Release;
		};
/* End XCBuildConfiguration section */

/* Begin XCConfigurationList section */
		B24DBA1A1F9FE1B30020EB51 /* Build configuration list for PBXProject "S4MAssignment1" */ = {
			isa = XCConfigurationList;
			buildConfigurations = (
				B24DBA2F1F9FE1B40020EB51 /* Debug */,
				B24DBA301F9FE1B40020EB51 /* Release */,
			);
			defaultConfigurationIsVisible = 0;
			defaultConfigurationName = Release;
		};
		B24DBA311F9FE1B40020EB51 /* Build configuration list for PBXNativeTarget "S4MAssignment1" */ = {
			isa = XCConfigurationList;
			buildConfigurations = (
				B24DBA321F9FE1B40020EB51 /* Debug */,
				B24DBA331F9FE1B40020EB51 /* Release */,
			);
			defaultConfigurationIsVisible = 0;
		};
/* End XCConfigurationList section */
	};
	rootObject = B24DBA171F9FE1B30020EB51 /* Project object */;
}
